{
  "name": "addressium",
  "version": "0.1.0",
  "lockfileVersion": 3,
  "requires": true,
  "packages": {
    "": {
      "name": "addressium",
      "version": "0.1.0",
      "license": "MIT",
      "workspaces": [
        "packages/*",
        "services/*",
        "apps/*",
        "infra/*"
      ],
      "devDependencies": {
        "@types/node": "^20.19.43",
        "typescript": "^5.5.4"
      },
      "engines": {
        "node": ">=20"
      }
    },
    "apps/admin-web": {
      "name": "@addressium/admin-web",
      "version": "0.1.0",
      "dependencies": {
        "@addressium/core": "0.1.0"
      }
    },
    "apps/public-web": {
      "name": "@addressium/public-web",
      "version": "0.1.0",
      "dependencies": {
        "@addressium/core": "0.1.0"
      }
    },
    "apps/subscriber-web": {
      "name": "@addressium/subscriber-web",
      "version": "0.1.0",
      "dependencies": {
        "@addressium/core": "0.1.0"
      }
    },
    "infra/cdk": {
      "name": "@addressium/infra-cdk",
      "version": "0.1.0",
      "dependencies": {
        "@addressium/core": "0.1.0",
        "aws-cdk-lib": "^2.150.0",
        "constructs": "^10.3.0"
      },
      "bin": {
        "addressium": "dist/bin/addressium.js"
      },
      "devDependencies": {
        "aws-cdk": "^2.150.0"
      }
    },
    "node_modules/@addressium/admin-web": {
      "resolved": "apps/admin-web",
      "link": true
    },
    "node_modules/@addressium/core": {
      "resolved": "packages/core",
      "link": true
    },
    "node_modules/@addressium/domain": {
      "resolved": "packages/domain",
      "link": true
    },
    "node_modules/@addressium/infra-cdk": {
      "resolved": "infra/cdk",
      "link": true
    },
    "node_modules/@addressium/magiclink-verify": {
      "resolved": "packages/magiclink-verify",
      "link": true
    },
    "node_modules/@addressium/public-web": {
      "resolved": "apps/public-web",
      "link": true
    },
    "node_modules/@addressium/rbac": {
      "resolved": "packages/rbac",
      "link": true
    },
    "node_modules/@addressium/segment": {
      "resolved": "packages/segment",
      "link": true
    },
    "node_modules/@addressium/subscriber-web": {
      "resolved": "apps/subscriber-web",
      "link": true
    },
    "node_modules/@addressium/svc-api": {
      "resolved": "services/api",
      "link": true
    },
    "node_modules/@addressium/svc-automations": {
      "resolved": "services/automations",
      "link": true
    },
    "node_modules/@addressium/svc-events": {
      "resolved": "services/events",
      "link": true
    },
    "node_modules/@addressium/svc-feeds": {
      "resolved": "services/feeds",
      "link": true
    },
    "node_modules/@addressium/svc-importer": {
      "resolved": "services/importer",
      "link": true
    },
    "node_modules/@addressium/svc-privacy": {
      "resolved": "services/privacy",
      "link": true
    },
    "node_modules/@addressium/svc-provisioning": {
      "resolved": "services/provisioning",
      "link": true
    },
    "node_modules/@addressium/svc-reporting": {
      "resolved": "services/reporting",
      "link": true
    },
    "node_modules/@addressium/svc-sender": {
      "resolved": "services/sender",
      "link": true
    },
    "node_modules/@addressium/svc-tokens": {
      "resolved": "services/tokens",
      "link": true
    },
    "node_modules/@aws-cdk/asset-awscli-v1": {
      "version": "2.2.282",
      "resolved": "https://registry.npmjs.org/@aws-cdk/asset-awscli-v1/-/asset-awscli-v1-2.2.282.tgz",
      "integrity": "sha512-7hKMi5tTxDcKGIMIOq14PnY0GBcugW33Uh/2YHDZiEwSxLeFOCYBwhR+BFXONb/EJeVI3RETFgailNZbkcKF6g==",
      "license": "Apache-2.0"
    },
    "node_modules/@aws-cdk/asset-node-proxy-agent-v6": {
      "version": "2.1.2",
      "resolved": "https://registry.npmjs.org/@aws-cdk/asset-node-proxy-agent-v6/-/asset-node-proxy-agent-v6-2.1.2.tgz",
      "integrity": "sha512-pDiuqH+qY3zM9lhhLjbKJ1tnKOHzQ2V4Wr/3qsxyKeKAkuPMI/BVGvZG1PbrikUw949cGVTfVEt4ETKKYnrj0Q==",
      "license": "Apache-2.0"
    },
    "node_modules/@aws-cdk/cloud-assembly-schema": {
      "version": "54.12.0",
      "resolved": "https://registry.npmjs.org/@aws-cdk/cloud-assembly-schema/-/cloud-assembly-schema-54.12.0.tgz",
      "integrity": "sha512-u8G9RZGW7vWq0KpEj1MYAin8yc+Mw7wYU2UjM5C2juZIHavXcerj6q7UsoOWd0N2TWtBw9WT9w3gknqR1GzAmg==",
      "bundleDependencies": [
        "jsonschema",
        "semver"
      ],
      "license": "Apache-2.0",
      "dependencies": {
        "jsonschema": "^1.5.0",
        "semver": "^7.8.5"
      },
      "engines": {
        "node": ">= 18.0.0"
      }
    },
    "node_modules/@types/node": {
      "version": "20.19.43",
      "resolved": "https://registry.npmjs.org/@types/node/-/node-20.19.43.tgz",
      "integrity": "sha512-6oYBAi5ikg4Pl+kGsoYtawUMBT2zZMCvPNF7pVLnHZfd1zf38DRiWn/gT01RYCdUqkv7Fhr+C9ot4/tb+2sVvA==",
      "dev": true,
      "license": "MIT",
      "dependencies": {
        "undici-types": "~6.21.0"
      }
    },
    "node_modules/aws-cdk": {
      "version": "2.1132.0",
      "resolved": "https://registry.npmjs.org/aws-cdk/-/aws-cdk-2.1132.0.tgz",
      "integrity": "sha512-kcIzBZQO+2v+F97iaeI29fdOUQEx44wr0qDb9HXNqdU82V+1ZKI1KuFlHwH2nq7+6iNc1bu60se4hFf+2d7vXg==",
      "dev": true,
      "license": "Apache-2.0",
      "bin": {
        "cdk": "bin/cdk"
      },
      "engines": {
        "node": ">= 18.0.0"
      }
    },
    "node_modules/aws-cdk-lib": {
      "version": "2.261.0",
      "resolved": "https://registry.npmjs.org/aws-cdk-lib/-/aws-cdk-lib-2.261.0.tgz",
      "integrity": "sha512-e52e3Abjg0HkuRWlWwtSv5+ZiMW1rhCDdL9ff7lzWXInU8xdfLJpuoimfa0IJwjiNGyphppgg52Azx9M80OA0g==",
      "bundleDependencies": [
        "@balena/dockerignore",
        "@aws-cdk/cloud-assembly-api",
        "case",
        "fs-extra",
        "ignore",
        "jsonschema",
        "minimatch",
        "punycode",
        "semver",
        "yaml",
        "mime-types"
      ],
      "license": "Apache-2.0",
      "dependencies": {
        "@aws-cdk/asset-awscli-v1": "2.2.282",
        "@aws-cdk/asset-node-proxy-agent-v6": "^2.1.2",
        "@aws-cdk/cloud-assembly-api": "^2.2.5",
        "@aws-cdk/cloud-assembly-schema": "^54.0.0",
        "@balena/dockerignore": "^1.0.2",
        "case": "1.6.3",
        "fs-extra": "^11.3.5",
        "ignore": "^5.3.2",
        "jsonschema": "^1.5.0",
        "mime-types": "^2.1.35",
        "minimatch": "^10.2.5",
        "punycode": "^2.3.1",
        "semver": "^7.8.1",
        "yaml": "1.10.3"
      },
      "engines": {
        "node": ">= 20.0.0"
      },
      "peerDependencies": {
        "constructs": "^10.5.0"
      }
    },
    "node_modules/constructs": {
      "version": "10.7.1",
      "resolved": "https://registry.npmjs.org/constructs/-/constructs-10.7.1.tgz",
      "integrity": "sha512-ulK25Sg2Nv1jW+A9VeV7fu9GFN9KdVTNWdXMoapNRwqkQzSdToro/Tttk3Ak5BGI80NRA/d2nSzKnoZ27LizLw==",
      "license": "Apache-2.0"
    },
    "node_modules/jose": {
      "version": "5.10.0",
      "resolved": "https://registry.npmjs.org/jose/-/jose-5.10.0.tgz",
      "integrity": "sha512-s+3Al/p9g32Iq+oqXxkW//7jk2Vig6FF1CFqzVXoTUXt2qz89YWbL+OwS17NFYEvxC35n0FKeGO2LGYSxeM2Gg==",
      "license": "MIT",
      "funding": {
        "url": "https://github.com/sponsors/panva"
      }
    },
    "node_modules/typescript": {
      "version": "5.9.3",
      "resolved": "https://registry.npmjs.org/typescript/-/typescript-5.9.3.tgz",
      "integrity": "sha512-jl1vZzPDinLr9eUt3J/t7V6FgNEw9QjvBPdysz9KfQDD41fQrC2Y4vKQdiaUpFT4bXlb1RHhLpp8wtm6M5TgSw==",
      "dev": true,
      "license": "Apache-2.0",
      "bin": {
        "tsc": "bin/tsc",
        "tsserver": "bin/tsserver"
      },
      "engines": {
        "node": ">=14.17"
      }
    },
    "node_modules/undici-types": {
      "version": "6.21.0",
      "resolved": "https://registry.npmjs.org/undici-types/-/undici-types-6.21.0.tgz",
      "integrity": "sha512-iwDZqg0QAGrg9Rav5H4n0M64c3mkR59cJ6wQp+7C4nI0gsmExaedaYLNO44eT4AtBBwjbTiGPMlt2Md0T9H9JQ==",
      "dev": true,
      "license": "MIT"
    },
    "node_modules/zod": {
      "version": "3.25.76",
      "resolved": "https://registry.npmjs.org/zod/-/zod-3.25.76.tgz",
      "integrity": "sha512-gzUt/qt81nXsFGKIFcC3YnfEAx5NkunCfnDlvuBSSFS02bcXu4Lmea0AFIUwbLWxWPx3d9p8S5QoaujKcNQxcQ==",
      "license": "MIT",
      "funding": {
        "url": "https://github.com/sponsors/colinhacks"
      }
    },
    "packages/core": {
      "name": "@addressium/core",
      "version": "0.1.0",
      "dependencies": {
        "zod": "^3.23.8"
      }
    },
    "packages/domain": {
      "name": "@addressium/domain",
      "version": "0.1.0",
      "dependencies": {
        "@addressium/core": "0.1.0",
        "@addressium/magiclink-verify": "0.1.0",
        "jose": "^5.6.0"
      },
      "devDependencies": {
        "@addressium/svc-feeds": "0.1.0"
      }
    },
    "packages/magiclink-verify": {
      "name": "@addressium/magiclink-verify",
      "version": "0.1.0",
      "license": "MIT",
      "dependencies": {
        "jose": "^5.6.0"
      }
    },
    "packages/rbac": {
      "name": "@addressium/rbac",
      "version": "0.1.0"
    },
    "packages/segment": {
      "name": "@addressium/segment",
      "version": "0.1.0",
      "dependencies": {
        "@addressium/core": "0.1.0"
      }
    },
    "services/api": {
      "name": "@addressium/svc-api",
      "version": "0.1.0",
      "dependencies": {
        "@addressium/core": "0.1.0",
        "@addressium/rbac": "0.1.0"
      }
    },
    "services/automations": {
      "name": "@addressium/svc-automations",
      "version": "0.1.0",
      "dependencies": {
        "@addressium/core": "0.1.0",
        "@addressium/rbac": "0.1.0"
      }
    },
    "services/events": {
      "name": "@addressium/svc-events",
      "version": "0.1.0",
      "dependencies": {
        "@addressium/core": "0.1.0",
        "@addressium/rbac": "0.1.0"
      }
    },
    "services/feeds": {
      "name": "@addressium/svc-feeds",
      "version": "0.1.0",
      "dependencies": {
        "@addressium/core": "0.1.0",
        "@addressium/rbac": "0.1.0"
      }
    },
    "services/importer": {
      "name": "@addressium/svc-importer",
      "version": "0.1.0",
      "dependencies": {
        "@addressium/core": "0.1.0",
        "@addressium/rbac": "0.1.0"
      }
    },
    "services/privacy": {
      "name": "@addressium/svc-privacy",
      "version": "0.1.0",
      "dependencies": {
        "@addressium/core": "0.1.0",
        "@addressium/rbac": "0.1.0"
      }
    },
    "services/provisioning": {
      "name": "@addressium/svc-provisioning",
      "version": "0.1.0",
      "dependencies": {
        "@addressium/core": "0.1.0",
        "@addressium/rbac": "0.1.0"
      }
    },
    "services/reporting": {
      "name": "@addressium/svc-reporting",
      "version": "0.1.0",
      "dependencies": {
        "@addressium/core": "0.1.0",
        "@addressium/rbac": "0.1.0"
      }
    },
    "services/sender": {
      "name": "@addressium/svc-sender",
      "version": "0.1.0",
      "dependencies": {
        "@addressium/core": "0.1.0",
        "@addressium/rbac": "0.1.0"
      }
    },
    "services/tokens": {
      "name": "@addressium/svc-tokens",
      "version": "0.1.0",
      "dependencies": {
        "@addressium/core": "0.1.0",
        "@addressium/rbac": "0.1.0"
      }
    }
  }
}
